<?xml version="1.0" encoding="utf-8"?>
<Project ToolsVersion="4.0" xmlns="http://schemas.microsoft.com/developer/msbuild/2003">
  <ItemGroup>
    <Filter Include="Source Files">
      <UniqueIdentifier>{4FC737F1-C7A5-4376-A066-2A32D752A2FF}</UniqueIdentifier>
      <Extensions>cpp;c;cc;cxx;c++;cppm;ixx;def;odl;idl;hpj;bat;asm;asmx</Extensions>
    </Filter>
    <Filter Include="Header Files">
      <UniqueIdentifier>{93995380-89BD-4b04-88EB-625FBE52EBFB}</UniqueIdentifier>
      <Extensions>h;hh;hpp;hxx;h++;hm;inl;inc;ipp;xsd</Extensions>
    </Filter>
    <Filter Include="Resource Files">
      <UniqueIdentifier>{67DA6AB6-F800-4c08-8B7A-83BB121AAD01}</UniqueIdentifier>
      <Extensions>rc;ico;cur;bmp;dlg;rc2;rct;bin;rgs;gif;jpg;jpeg;jpe;resx;tiff;tif;png;wav;mfcribbon-ms</Extensions>
    </Filter>
  </ItemGroup>
  <ItemGroup>
    <ClInclude Include="pch.h">
      <Filter>Header Files</Filter>
    </ClInclude>
    <ClInclude Include="Engine\Plugins\Neon\Public\Neon.h">
      <Filter>Header Files</Filter>
    </ClInclude>
    <ClInclude Include="Engine\Plugins\Kismet\Public\DataTableFunctionLibrary.h">
      <Filter>Header Files</Filter>
    </ClInclude>
    <ClInclude Include="Engine\Plugins\Kismet\Public\FortKismetLibrary.h">
      <Filter>Header Files</Filter>
    </ClInclude>
    <ClInclude Include="Engine\Plugins\Kismet\Public\KismetHookingLibrary.h">
      <Filter>Header Files</Filter>
    </ClInclude>
    <ClInclude Include="Engine\Plugins\Kismet\Public\KismetMemLibrary.h">
      <Filter>Header Files</Filter>
    </ClInclude>
    <ClInclude Include="Engine\Plugins\Kismet\Public\KismetStringLibrary.h">
      <Filter>Header Files</Filter>
    </ClInclude>
    <ClInclude Include="Engine\Plugins\Neon\Public\Patches\MCP.h">
      <Filter>Header Files</Filter>
    </ClInclude>
    <ClInclude Include="Engine\Runtime\Engine\Classes\GameFramework\Actor.h">
      <Filter>Header Files</Filter>
    </ClInclude>
    <ClInclude Include="Engine\Runtime\Engine\Classes\GameFramework\Character.h">
      <Filter>Header Files</Filter>
    </ClInclude>
    <ClInclude Include="Engine\Runtime\Engine\Classes\GameFramework\Controller.h">
      <Filter>Header Files</Filter>
    </ClInclude>
    <ClInclude Include="Engine\Runtime\Engine\Classes\GameFramework\GameMode.h">
      <Filter>Header Files</Filter>
    </ClInclude>
    <ClInclude Include="Engine\Runtime\Engine\Classes\GameFramework\Pawn.h">
      <Filter>Header Files</Filter>
    </ClInclude>
    <ClInclude Include="Engine\Runtime\Engine\Classes\GameFramework\PlayerState.h">
      <Filter>Header Files</Filter>
    </ClInclude>
    <ClInclude Include="Engine\Runtime\Engine\Classes\GameInstance.h">
      <Filter>Header Files</Filter>
    </ClInclude>
    <ClInclude Include="Engine\Runtime\Engine\Classes\GameplayStatics.h">
      <Filter>Header Files</Filter>
    </ClInclude>
    <ClInclude Include="Engine\Runtime\Engine\Classes\LocalPlayer.h">
      <Filter>Header Files</Filter>
    </ClInclude>
    <ClInclude Include="Engine\Runtime\Engine\Classes\NetDriver.h">
      <Filter>Header Files</Filter>
    </ClInclude>
    <ClInclude Include="Engine\Runtime\Engine\Classes\NetSerialization.h">
      <Filter>Header Files</Filter>
    </ClInclude>
    <ClInclude Include="Engine\Runtime\Engine\Classes\World.h">
      <Filter>Header Files</Filter>
    </ClInclude>
    <ClInclude Include="Engine\Runtime\Engine\CoreUObject\Public\UObject\Misc.h">
      <Filter>Header Files</Filter>
    </ClInclude>
    <ClInclude Include="Engine\Runtime\Engine\CoreUObject\Public\UObject\SoftObjectPtr.h">
      <Filter>Header Files</Filter>
    </ClInclude>
    <ClInclude Include="Engine\Runtime\Engine\CoreUObject\Public\UObject\Stack.h">
      <Filter>Header Files</Filter>
    </ClInclude>
    <ClInclude Include="Engine\Runtime\Engine\CoreUObject\Public\UObject\UObjectGlobals.h">
      <Filter>Header Files</Filter>
    </ClInclude>
    <ClInclude Include="Engine\Runtime\Engine\Core\Public\Math\Quat.h">
      <Filter>Header Files</Filter>
    </ClInclude>
    <ClInclude Include="Engine\Runtime\Engine\Core\Public\Math\Rotator.h">
      <Filter>Header Files</Filter>
    </ClInclude>
    <ClInclude Include="Engine\Runtime\Engine\Core\Public\Math\Transform.h">
      <Filter>Header Files</Filter>
    </ClInclude>
    <ClInclude Include="Engine\Runtime\Engine\Core\Public\Math\Vector.h">
      <Filter>Header Files</Filter>
    </ClInclude>
    <ClInclude Include="Engine\Runtime\Engine\Core\Public\Misc\Guid.h">
      <Filter>Header Files</Filter>
    </ClInclude>
    <ClInclude Include="Engine\Runtime\FortniteGame\Public\Athena\FortGameModeAthena.h">
      <Filter>Header Files</Filter>
    </ClInclude>
    <ClInclude Include="Engine\Runtime\FortniteGame\Public\Athena\FortGameStateAthena.h">
      <Filter>Header Files</Filter>
    </ClInclude>
    <ClInclude Include="Engine\Runtime\FortniteGame\Public\Athena\FortPlaylistAthena.h">
      <Filter>Header Files</Filter>
    </ClInclude>
    <ClInclude Include="Engine\Runtime\FortniteGame\Public\Athena\Player\FortPlayerControllerAthena.h">
      <Filter>Header Files</Filter>
    </ClInclude>
    <ClInclude Include="Engine\Runtime\FortniteGame\Public\Building\BuildingFoundation.h">
      <Filter>Header Files</Filter>
    </ClInclude>
    <ClInclude Include="Engine\Runtime\FortniteGame\Public\FortGameMode.h">
      <Filter>Header Files</Filter>
    </ClInclude>
    <ClInclude Include="Engine\Runtime\FortniteGame\Public\FortGameState.h">
      <Filter>Header Files</Filter>
    </ClInclude>
    <ClInclude Include="Engine\Runtime\FortniteGame\Public\FortGameStateZone.h">
      <Filter>Header Files</Filter>
    </ClInclude>
    <ClInclude Include="Engine\Runtime\FortniteGame\Public\FortPlaylist.h">
      <Filter>Header Files</Filter>
    </ClInclude>
    <ClInclude Include="Engine\Runtime\FortniteGame\Public\Inventory\FortInventory.h">
      <Filter>Header Files</Filter>
    </ClInclude>
    <ClInclude Include="Engine\Runtime\FortniteGame\Public\ItemDefinitions\AthenaCharacterItemDefinition.h">
      <Filter>Header Files</Filter>
    </ClInclude>
    <ClInclude Include="Engine\Runtime\FortniteGame\Public\ItemDefinitions\AthenaPickaxeItemDefinition.h">
      <Filter>Header Files</Filter>
    </ClInclude>
    <ClInclude Include="Engine\Runtime\FortniteGame\Public\ItemDefinitions\ItemDefinition.h">
      <Filter>Header Files</Filter>
    </ClInclude>
    <ClInclude Include="Engine\Runtime\FortniteGame\Public\ItemDefinitions\WeaponMeleeItemDefinition.h">
      <Filter>Header Files</Filter>
    </ClInclude>
    <ClInclude Include="Engine\Runtime\FortniteGame\Public\Player\FortPawn.h">
      <Filter>Header Files</Filter>
    </ClInclude>
    <ClInclude Include="Engine\Runtime\FortniteGame\Public\Player\FortPlayerController.h">
      <Filter>Header Files</Filter>
    </ClInclude>
    <ClInclude Include="Engine\Runtime\FortniteGame\Public\Player\FortPlayerPawn.h">
      <Filter>Header Files</Filter>
    </ClInclude>
    <ClInclude Include="Engine\Runtime\FortniteGame\Public\Player\FortPlayerState.h">
      <Filter>Header Files</Filter>
    </ClInclude>
    <ClInclude Include="Engine\Runtime\GameplayAbilities\Public\AbilitySystemComponent.h">
      <Filter>Header Files</Filter>
    </ClInclude>
    <ClInclude Include="Engine\Runtime\GameplayAbilities\Public\GameplayAbility.h">
      <Filter>Header Files</Filter>
    </ClInclude>
    <ClInclude Include="Engine\Runtime\GameplayAbilities\Public\GameplayAbilitySpec.h">
      <Filter>Header Files</Filter>
    </ClInclude>
    <ClInclude Include="Minhook.h">
      <Filter>Header Files</Filter>
    </ClInclude>
    <ClInclude Include="Engine\Runtime\AIModule\Classes\AIController.h">
      <Filter>Header Files</Filter>
    </ClInclude>
    <ClInclude Include="Engine\Runtime\AIModule\Classes\BehaivorTree\BehaivorTree.h">
      <Filter>Header Files</Filter>
    </ClInclude>
    <ClInclude Include="Engine\Runtime\AIModule\Classes\BehaivorTree\BehaviorTreeComponent.h">
      <Filter>Header Files</Filter>
    </ClInclude>
    <ClInclude Include="Engine\Runtime\AIModule\Classes\BehaivorTree\BlackboardComponent.h">
      <Filter>Header Files</Filter>
    </ClInclude>
    <ClInclude Include="Engine\Runtime\AIModule\Classes\BrainComponent.h">
      <Filter>Header Files</Filter>
    </ClInclude>
    <ClInclude Include="Engine\Runtime\AIModule\Classes\Navigation\PathFollowingComponent.h">
      <Filter>Header Files</Filter>
    </ClInclude>
    <ClInclude Include="Engine\Runtime\Engine\Classes\AI\NavigationSystemConfig.h">
      <Filter>Header Files</Filter>
    </ClInclude>
    <ClInclude Include="Engine\Runtime\Engine\Classes\Components\ActorComponent.h">
      <Filter>Header Files</Filter>
    </ClInclude>
    <ClInclude Include="Engine\Runtime\Engine\Classes\LevelStreamingDynamic.h">
      <Filter>Header Files</Filter>
    </ClInclude>
    <ClInclude Include="Engine\Runtime\Engine\Core\Public\Internationalization\Text.h">
      <Filter>Header Files</Filter>
    </ClInclude>
    <ClInclude Include="Engine\Runtime\FortniteGame\Public\Athena\AI\FortAthenaAIBotController.h">
      <Filter>Header Files</Filter>
    </ClInclude>
    <ClInclude Include="Engine\Runtime\FortniteGame\Public\Athena\AI\FortServerBotManagerAthena.h">
      <Filter>Header Files</Filter>
    </ClInclude>
    <ClInclude Include="Engine\Runtime\FortniteGame\Public\Athena\FortAthenaMutator_Bots.h">
      <Filter>Header Files</Filter>
    </ClInclude>
    <ClInclude Include="Engine\Runtime\FortniteGame\Public\Athena\Player\FortPlayerControllerAthenaXPComponent.h">
      <Filter>Header Files</Filter>
    </ClInclude>
    <ClInclude Include="Engine\Runtime\FortniteGame\Public\Building\BuildingContainer.h">
      <Filter>Header Files</Filter>
    </ClInclude>
    <ClInclude Include="Engine\Runtime\FortniteGame\Public\Building\BuildingSMActor.h">
      <Filter>Header Files</Filter>
    </ClInclude>
    <ClInclude Include="Engine\Runtime\FortniteGame\Public\ItemDefinitions\AthenaDanceItemDefinition.h">
      <Filter>Header Files</Filter>
    </ClInclude>
    <ClInclude Include="Engine\Runtime\FortniteGame\Public\ItemDefinitions\FortAccoladeItemDefinition.h">
      <Filter>Header Files</Filter>
    </ClInclude>
    <ClInclude Include="Engine\Runtime\FortniteGame\Public\ItemDefinitions\FortAmmoItemDefinition.h">
      <Filter>Header Files</Filter>
    </ClInclude>
    <ClInclude Include="Engine\Runtime\FortniteGame\Public\ItemDefinitions\FortBuildingItemDefinition.h">
      <Filter>Header Files</Filter>
    </ClInclude>
    <ClInclude Include="Engine\Runtime\FortniteGame\Public\ItemDefinitions\FortConsumableItemDefinition.h">
      <Filter>Header Files</Filter>
    </ClInclude>
    <ClInclude Include="Engine\Runtime\FortniteGame\Public\ItemDefinitions\FortMontageItemDefinitionBase.h">
      <Filter>Header Files</Filter>
    </ClInclude>
    <ClInclude Include="Engine\Runtime\FortniteGame\Public\ItemDefinitions\FortQuestItemDefinition.h">
      <Filter>Header Files</Filter>
    </ClInclude>
    <ClInclude Include="Engine\Runtime\FortniteGame\Public\ItemDefinitions\FortResourceItemDefinition.h">
      <Filter>Header Files</Filter>
    </ClInclude>
    <ClInclude Include="Engine\Runtime\FortniteGame\Public\ItemDefinitions\FortTrapItemDefinition.h">
      <Filter>Header Files</Filter>
    </ClInclude>
    <ClInclude Include="Engine\Runtime\FortniteGame\Public\ItemDefinitions\AthenaSprayItemDefinition.h">
      <Filter>Header Files</Filter>
    </ClInclude>
    <ClInclude Include="Engine\Runtime\FortniteGame\Public\ItemDefinitions\WeaponItemDefinition.h">
      <Filter>Header Files</Filter>
    </ClInclude>
    <ClInclude Include="Engine\Runtime\FortniteGame\Public\ItemDefinitions\WeaponRangedItemDefinition.h">
      <Filter>Header Files</Filter>
    </ClInclude>
    <ClInclude Include="Engine\Runtime\FortniteGame\Public\Projectiles\FortProjectileBase.h">
      <Filter>Header Files</Filter>
    </ClInclude>
    <ClInclude Include="Engine\Runtime\FortniteGame\Public\Quests\FortQuestManager.h">
      <Filter>Header Files</Filter>
    </ClInclude>
    <ClInclude Include="Engine\Runtime\FortniteGame\Public\Weapons\FortWeapon.h">
      <Filter>Header Files</Filter>
    </ClInclude>
    <ClInclude Include="Engine\Runtime\FortniteGame\Public\Weapons\FortWeap_EditingTool.h">
      <Filter>Header Files</Filter>
    </ClInclude>
    <ClInclude Include="Engine\Runtime\GameplayTags\Classes\GameplayTag.h">
      <Filter>Header Files</Filter>
    </ClInclude>
    <ClInclude Include="Engine\Runtime\GameplayTags\Classes\GameplayTagContainer.h">
      <Filter>Header Files</Filter>
    </ClInclude>
    <ClInclude Include="Engine\Runtime\NavigationSystem\Public\NavigationSystem.h">
      <Filter>Header Files</Filter>
    </ClInclude>
    <ClInclude Include="Engine\Runtime\FortniteGame\Public\Athena\Vehicles\FortAthenaVehicle.h">
      <Filter>Header Files</Filter>
    </ClInclude>
    <ClInclude Include="Engine\Runtime\Engine\Classes\Components\PrimitiveComponent.h">
      <Filter>Header Files</Filter>
    </ClInclude>
    <ClInclude Include="Engine\Runtime\Engine\Classes\Components\SceneComponent.h">
      <Filter>Header Files</Filter>
    </ClInclude>
    <ClInclude Include="Engine\Plugins\JSON\nlohmann.hpp">
      <Filter>Header Files</Filter>
    </ClInclude>
    <ClInclude Include="Engine\Plugins\Kismet\Public\KismetMathLibrary.h">
      <Filter>Header Files</Filter>
    </ClInclude>
    <ClInclude Include="Engine\Plugins\Kismet\Public\KismetSystemLibrary.h">
      <Filter>Header Files</Filter>
    </ClInclude>
    <ClInclude Include="Engine\Plugins\Neon\Public\Events.h">
      <Filter>Header Files</Filter>
    </ClInclude>
    <ClInclude Include="Engine\Runtime\FortniteGame\Public\FortEngine.h">
      <Filter>Header Files</Filter>
    </ClInclude>
    <ClInclude Include="Engine\Runtime\FortniteGame\Public\ItemDefinitions\WorldItemDefinition.h">
      <Filter>Header Files</Filter>
    </ClInclude>
    <ClInclude Include="Engine\Runtime\FortniteGame\Public\Items\FortQuickBars.h">
      <Filter>Header Files</Filter>
    </ClInclude>
    <ClInclude Include="Engine\Runtime\FortniteGame\Public\STW\FortGameModeOutpost.h">
      <Filter>Header Files</Filter>
    </ClInclude>
    <ClInclude Include="Engine\Runtime\FortniteGame\Public\STW\FortGameStateOutpost.h">
      <Filter>Header Files</Filter>
    </ClInclude>
    <ClInclude Include="Engine\Runtime\FortniteGame\Public\STW\Player\FortPlayerControllerOutpost.h">
      <Filter>Header Files</Filter>
    </ClInclude>
    <ClInclude Include="Engine\Runtime\FortniteGame\Public\STW\Player\FortPlayerStateOutpost.h">
      <Filter>Header Files</Filter>
    </ClInclude>
    <ClInclude Include="Engine\Runtime\FortniteGame\Public\Weapons\FortWeap_BuildingTool.h">
      <Filter>Header Files</Filter>
    </ClInclude>
    <ClInclude Include="Engine\Runtime\FortniteGame\Public\ItemDefinitions\AthenaEmojiItemDefinition.h">
      <Filter>Header Files</Filter>
    </ClInclude>
    <ClInclude Include="Engine\Runtime\FortniteGame\Private\Athena\Creative\FortAthenaCreativePortal.cpp">
      <Filter>Source Files</Filter>
    </ClInclude>
    <ClInclude Include="Engine\Runtime\FortniteGame\Public\AI\PlayerBots.h">
      <Filter>Header Files</Filter>
    </ClInclude>
    <ClInclude Include="Engine\Runtime\FortniteGame\Public\Components\FortLevelSaveComponent.h">
      <Filter>Header Files</Filter>
    </ClInclude>
    <ClInclude Include="Engine\Runtime\FortniteGame\Public\Components\PlaysetLevelStreamComponent.h">
      <Filter>Header Files</Filter>
    </ClInclude>
    <ClInclude Include="Engine\Runtime\FortniteGame\Public\Creative\FortAthenaCreativePortal.h">
      <Filter>Header Files</Filter>
    </ClInclude>
    <ClInclude Include="Engine\Runtime\FortniteGame\Public\Creative\FortCreativePortalManager.h">
      <Filter>Header Files</Filter>
    </ClInclude>
    <ClInclude Include="Engine\Runtime\FortniteGame\Public\FortVolume.h">
      <Filter>Header Files</Filter>
    </ClInclude>
    <ClInclude Include="Engine\Runtime\FortniteGame\Public\ItemDefinitions\FortPlaysetItemDefinition.h">
      <Filter>Header Files</Filter>
    </ClInclude>
    <ClInclude Include="Engine\Runtime\FortniteGame\Public\Creative\FortMinigame.h">
      <Filter>Header Files</Filter>
    </ClInclude>
    <ClInclude Include="Engine\Runtime\FortniteGame\Public\Creative\B_Prj_Athena_PlaysetGrenade.h">
      <Filter>Header Files</Filter>
    </ClInclude>
    <ClInclude Include="Engine\Runtime\FortniteGame\Public\ItemDefinitions\FortContextTrapItemDefinition.h">
      <Filter>Header Files</Filter>
    </ClInclude>
    <ClInclude Include="Engine\Runtime\FortniteGame\Public\ItemDefinitions\FortDecoItemDefinition.h">
      <Filter>Header Files</Filter>
    </ClInclude>
    <ClInclude Include="Engine\Runtime\FortniteGame\Public\Weapons\FortDecoTool_ContextTrap.h">
      <Filter>Header Files</Filter>
    </ClInclude>
    <ClInclude Include="Engine\Runtime\FortniteGame\Public\Components\FortMutatorListComponent.h">
      <Filter>Header Files</Filter>
    </ClInclude>
    <ClInclude Include="Engine\Runtime\FortniteGame\Public\Mutators\FortAthenaMutator.h">
      <Filter>Header Files</Filter>
    </ClInclude>
    <ClInclude Include="Engine\Runtime\FortniteGame\Public\Mutators\FortAthenaMutator_InfiniteResources.h">
      <Filter>Header Files</Filter>
    </ClInclude>
    <ClInclude Include="Engine\Runtime\FortniteGame\Public\Mutators\FortAthenaMutator_CreativeInfiniteResources.h">
      <Filter>Header Files</Filter>
    </ClInclude>
    <ClInclude Include="Engine\Runtime\FortniteGame\Public\Mutators\FortAthenaMutator_HealthAndShield.h">
      <Filter>Header Files</Filter>
    </ClInclude>
    <ClInclude Include="Engine\Runtime\FortniteGame\Public\Player\FortPlayerPawnAthena.h">
      <Filter>Header Files</Filter>
    </ClInclude>
    <ClInclude Include="Engine\Runtime\FortniteGame\Public\Mutators\FortAthenaMutator_SiphonValues.h">
      <Filter>Header Files</Filter>
    </ClInclude>
    <ClInclude Include="Engine\Plugins\Online\McpProfileSys\Public\Mcp\McpProfile.h">
      <Filter>Header Files</Filter>
    </ClInclude>
    <ClInclude Include="Engine\Runtime\FortniteGame\Public\Weapons\FortDecoTool.h">
      <Filter>Header Files</Filter>
    </ClInclude>
  </ItemGroup>
  <ItemGroup>
    <ClCompile Include="pch.cpp">
      <Filter>Source Files</Filter>
    </ClCompile>
    <ClCompile Include="Engine\Plugins\Neon\Private\Neon.cpp">
      <Filter>Source Files</Filter>
    </ClCompile>
    <ClCompile Include="Engine\Runtime\Windows\Windows.cpp">
      <Filter>Source Files</Filter>
    </ClCompile>
    <ClCompile Include="Engine\Plugins\Kismet\Private\KismetHookingLibrary.cpp">
      <Filter>Source Files</Filter>
    </ClCompile>
    <ClCompile Include="Engine\Plugins\Kismet\Private\KismetMemLibrary.cpp">
      <Filter>Source Files</Filter>
    </ClCompile>
    <ClCompile Include="Engine\Plugins\Kismet\Private\KismetStringLibrary.cpp">
      <Filter>Source Files</Filter>
    </ClCompile>
    <ClCompile Include="Engine\Plugins\Neon\Private\Patches\MCP.cpp">
      <Filter>Source Files</Filter>
    </ClCompile>
    <ClCompile Include="Engine\Runtime\Engine\Private\Actor.cpp">
      <Filter>Source Files</Filter>
    </ClCompile>
    <ClCompile Include="Engine\Runtime\Engine\Private\GameplayStatics.cpp">
      <Filter>Source Files</Filter>
    </ClCompile>
    <ClCompile Include="Engine\Runtime\Engine\Private\NetDriver.cpp">
      <Filter>Source Files</Filter>
    </ClCompile>
    <ClCompile Include="Engine\Runtime\Engine\Private\World.cpp">
      <Filter>Source Files</Filter>
    </ClCompile>
    <ClCompile Include="Engine\Runtime\FortniteGame\Private\Athena\FortGameModeAthena.cpp">
      <Filter>Source Files</Filter>
    </ClCompile>
    <ClCompile Include="Engine\Runtime\FortniteGame\Private\Athena\FortGameStateAthena.cpp">
      <Filter>Source Files</Filter>
    </ClCompile>
    <ClCompile Include="Engine\Runtime\FortniteGame\Private\Athena\Player\FortPlayerControllerAthena.cpp">
      <Filter>Source Files</Filter>
    </ClCompile>
    <ClCompile Include="Engine\Runtime\FortniteGame\Private\Building\BuildingFoundation.cpp">
      <Filter>Source Files</Filter>
    </ClCompile>
    <ClCompile Include="Engine\Runtime\FortniteGame\Private\Inventory\FortInventory.cpp">
      <Filter>Source Files</Filter>
    </ClCompile>
    <ClCompile Include="Engine\Runtime\FortniteGame\Private\Player\FortPlayerController.cpp">
      <Filter>Source Files</Filter>
    </ClCompile>
    <ClCompile Include="Engine\Runtime\GameplayAbilities\Private\AbilitySystemComponent.cpp">
      <Filter>Source Files</Filter>
    </ClCompile>
    <ClCompile Include="Engine\Plugins\Kismet\Private\FortKismetLibrary.cpp">
      <Filter>Source Files</Filter>
    </ClCompile>
    <ClCompile Include="Engine\Runtime\Engine\Private\AI\NavigationSystemConfig.cpp">
      <Filter>Source Files</Filter>
    </ClCompile>
    <ClCompile Include="Engine\Runtime\Engine\Private\LevelStreamingDynamic.cpp">
      <Filter>Source Files</Filter>
    </ClCompile>
    <ClCompile Include="Engine\Runtime\Engine\Private\Math\Rotator.cpp">
      <Filter>Source Files</Filter>
    </ClCompile>
    <ClCompile Include="Engine\Runtime\FortniteGame\Private\Athena\AI\FortServerBotManagerAthena.cpp">
      <Filter>Source Files</Filter>
    </ClCompile>
    <ClCompile Include="Engine\Runtime\FortniteGame\Private\Building\BuildingContainer.cpp">
      <Filter>Source Files</Filter>
    </ClCompile>
    <ClCompile Include="Engine\Runtime\FortniteGame\Private\Building\BuildingSMActor.cpp">
      <Filter>Source Files</Filter>
    </ClCompile>
    <ClCompile Include="Engine\Runtime\FortniteGame\Private\Components\FortControllerComponent_Aircraft.cpp">
      <Filter>Source Files</Filter>
    </ClCompile>
    <ClCompile Include="Engine\Runtime\FortniteGame\Private\Player\FortPawn.cpp">
      <Filter>Source Files</Filter>
    </ClCompile>
    <ClCompile Include="Engine\Runtime\FortniteGame\Private\Player\FortPlayerPawn.cpp">
      <Filter>Source Files</Filter>
    </ClCompile>
    <ClCompile Include="Engine\Runtime\FortniteGame\Private\Quests\FortQuestManager.cpp">
      <Filter>Source Files</Filter>
    </ClCompile>
    <ClCompile Include="Engine\Runtime\FortniteGame\Private\Weapons\FortWeapon.cpp">
      <Filter>Source Files</Filter>
    </ClCompile>
    <ClCompile Include="Engine\Runtime\GameplayAbilities\Private\GameplayAbility.cpp">
      <Filter>Source Files</Filter>
    </ClCompile>
    <ClCompile Include="Engine\Runtime\NavigationSystem\Private\NavigationSystem.cpp">
      <Filter>Source Files</Filter>
    </ClCompile>
    <ClCompile Include="Engine\Runtime\FortniteGame\Private\Athena\Vehicles\FortAthenaVehicle.cpp">
      <Filter>Source Files</Filter>
    </ClCompile>
    <ClCompile Include="Engine\Plugins\Neon\Private\Events.cpp">
      <Filter>Source Files</Filter>
    </ClCompile>
    <ClCompile Include="Engine\Runtime\FortniteGame\Private\FortEngine.cpp">
      <Filter>Source Files</Filter>
    </ClCompile>
    <ClCompile Include="Engine\Runtime\FortniteGame\Private\Items\FortQuickBars.cpp">
      <Filter>Source Files</Filter>
    </ClCompile>
    <ClCompile Include="Engine\Runtime\FortniteGame\Private\STW\FortGameModeOutpost.cpp">
      <Filter>Source Files</Filter>
    </ClCompile>
    <ClCompile Include="Engine\Runtime\FortniteGame\Private\STW\FortGameStateOutpost.cpp">
      <Filter>Source Files</Filter>
    </ClCompile>
    <ClCompile Include="Engine\Runtime\FortniteGame\Private\STW\Player\FortPlayerStateOutpost.cpp">
      <Filter>Source Files</Filter>
    </ClCompile>
    <ClCompile Include="Engine\Runtime\FortniteGame\Private\Athena\Creative\FortMinigame.cpp">
      <Filter>Source Files</Filter>
    </ClCompile>
    <ClCompile Include="Engine\Runtime\FortniteGame\Private\Athena\Creative\B_Prj_Athena_PlaysetGrenade.cpp">
      <Filter>Source Files</Filter>
    </ClCompile>
    <ClCompile Include="Engine\Runtime\FortniteGame\Private\Athena\Creative\FortCreativePortalManager.cpp">
      <Filter>Source Files</Filter>
    </ClCompile>
    <ClCompile Include="Engine\Runtime\FortniteGame\Private\Components\FortControllerComponent_Interaction.cpp">
      <Filter>Source Files</Filter>
    </ClCompile>
    <ClCompile Include="Engine\Runtime\FortniteGame\Private\Weapons\FortDecoTool.cpp">
      <Filter>Source Files</Filter>
    </ClCompile>
    <ClCompile Include="Engine\Runtime\FortniteGame\Private\Player\FortPlayerState.cpp">
      <Filter>Source Files</Filter>
    </ClCompile>
  </ItemGroup>
</Project>